
Microsoft Visual Studio Solution File, Format Version 12.00
# Visual Studio Version 16
VisualStudioVersion = 16.0.29613.14
MinimumVisualStudioVersion = 10.0.40219.1
Project("{2150E333-8FDC-42A3-9474-1A3956D46DE8}") = "src", "src", "{9AE3A07F-0E49-4E5D-8B63-C40F26E1A946}"
EndProject
Project("{2150E333-8FDC-42A3-9474-1A3956D46DE8}") = "test", "test", "{C2B1E8E3-6058-4305-8B00-377C99EB33C8}"
EndProject
Project("{2150E333-8FDC-42A3-9474-1A3956D46DE8}") = "samples", "samples", "{1DEE1EF8-479F-4FCD-8B1F-B509CEDAA50D}"
EndProject
Project("{2150E333-8FDC-42A3-9474-1A3956D46DE8}") = "dependencies", "dependencies", "{A5392F4A-D1CE-42DC-BBC1-0CD5770B1B7F}"
EndProject
Project("{9A19103F-16F7-4668-BE54-9A1E7A4F7556}") = "Blazui.Markdown", "src\Blazui.Markdown\Blazui.Markdown.csproj", "{178E5DCA-41E3-4A40-8408-16EF99B9F5E4}"
EndProject
Global
	GlobalSection(SolutionConfigurationPlatforms) = preSolution
		Debug|Any CPU = Debug|Any CPU
		Release|Any CPU = Release|Any CPU
	EndGlobalSection
	GlobalSection(ProjectConfigurationPlatforms) = postSolution
		{178E5DCA-41E3-4A40-8408-16EF99B9F5E4}.Debug|Any CPU.ActiveCfg = Debug|Any CPU
		{178E5DCA-41E3-4A40-8408-16EF99B9F5E4}.Debug|Any CPU.Build.0 = Debug|Any CPU
		{178E5DCA-41E3-4A40-8408-16EF99B9F5E4}.Release|Any CPU.ActiveCfg = Release|Any CPU
		{178E5DCA-41E3-4A40-8408-16EF99B9F5E4}.Release|Any CPU.Build.0 = Release|Any CPU
	EndGlobalSection
	GlobalSection(SolutionProperties) = preSolution
		HideSolutionNode = FALSE
	EndGlobalSection
	GlobalSection(NestedProjects) = preSolution
		{178E5DCA-41E3-4A40-8408-16EF99B9F5E4} = {9AE3A07F-0E49-4E5D-8B63-C40F26E1A946}
	EndGlobalSection
	GlobalSection(ExtensibilityGlobals) = postSolution
		SolutionGuid = {BAF68A48-3FBA-4CD2-8872-D3965892B3E0}
	EndGlobalSection
EndGlobal
